
Microsoft Visual Studio Solution File, Format Version 12.00
# Visual Studio 15
VisualStudioVersion = 15.0.28010.2019
MinimumVisualStudioVersion = 10.0.40219.1
Project("{FAE04EC0-301F-11D3-BF4B-00C04F79EFBC}") = "UnitTestProject", "UnitTestProject\UnitTestProject.csproj", "{812CE1BF-8A3E-4124-B6DA-4E9F895E3776}"
	ProjectSection(ProjectDependencies) = postProject
		{08E2232E-8F73-4B45-8C8A-47124DDC6743} = {08E2232E-8F73-4B45-8C8A-47124DDC6743}
	EndProjectSection
EndProject
Project("{FAE04EC0-301F-11D3-BF4B-00C04F79EFBC}") = "Apple", "Apple\Apple.csproj", "{08E2232E-8F73-4B45-8C8A-47124DDC6743}"
EndProject
Project("{FAE04EC0-301F-11D3-BF4B-00C04F79EFBC}") = "IWorm", "IWorm\IWorm.csproj", "{8AFE1029-AE92-4D68-AC51-0118F0F730DB}"
EndProject
Project("{FAE04EC0-301F-11D3-BF4B-00C04F79EFBC}") = "Worm", "Worm\Worm.csproj", "{EBEE34A6-D454-4CD5-81A5-39AF0E4479EB}"
EndProject
Global
	GlobalSection(SolutionConfigurationPlatforms) = preSolution
		Debug|Any CPU = Debug|Any CPU
		Release|Any CPU = Release|Any CPU
	EndGlobalSection
	GlobalSection(ProjectConfigurationPlatforms) = postSolution
		{812CE1BF-8A3E-4124-B6DA-4E9F895E3776}.Debug|Any CPU.ActiveCfg = Debug|Any CPU
		{812CE1BF-8A3E-4124-B6DA-4E9F895E3776}.Debug|Any CPU.Build.0 = Debug|Any CPU
		{812CE1BF-8A3E-4124-B6DA-4E9F895E3776}.Release|Any CPU.ActiveCfg = Release|Any CPU
		{812CE1BF-8A3E-4124-B6DA-4E9F895E3776}.Release|Any CPU.Build.0 = Release|Any CPU
		{08E2232E-8F73-4B45-8C8A-47124DDC6743}.Debug|Any CPU.ActiveCfg = Debug|Any CPU
		{08E2232E-8F73-4B45-8C8A-47124DDC6743}.Debug|Any CPU.Build.0 = Debug|Any CPU
		{08E2232E-8F73-4B45-8C8A-47124DDC6743}.Release|Any CPU.ActiveCfg = Release|Any CPU
		{08E2232E-8F73-4B45-8C8A-47124DDC6743}.Release|Any CPU.Build.0 = Release|Any CPU
		{8AFE1029-AE92-4D68-AC51-0118F0F730DB}.Debug|Any CPU.ActiveCfg = Debug|Any CPU
		{8AFE1029-AE92-4D68-AC51-0118F0F730DB}.Debug|Any CPU.Build.0 = Debug|Any CPU
		{8AFE1029-AE92-4D68-AC51-0118F0F730DB}.Release|Any CPU.ActiveCfg = Release|Any CPU
		{8AFE1029-AE92-4D68-AC51-0118F0F730DB}.Release|Any CPU.Build.0 = Release|Any CPU
		{EBEE34A6-D454-4CD5-81A5-39AF0E4479EB}.Debug|Any CPU.ActiveCfg = Debug|Any CPU
		{EBEE34A6-D454-4CD5-81A5-39AF0E4479EB}.Debug|Any CPU.Build.0 = Debug|Any CPU
		{EBEE34A6-D454-4CD5-81A5-39AF0E4479EB}.Release|Any CPU.ActiveCfg = Release|Any CPU
		{EBEE34A6-D454-4CD5-81A5-39AF0E4479EB}.Release|Any CPU.Build.0 = Release|Any CPU
	EndGlobalSection
	GlobalSection(SolutionProperties) = preSolution
		HideSolutionNode = FALSE
	EndGlobalSection
	GlobalSection(ExtensibilityGlobals) = postSolution
		SolutionGuid = {B4ADCF43-6A4D-42A0-9ACA-39FBF52EC350}
	EndGlobalSection
EndGlobal
